
Microsoft Visual Studio Solution File, Format Version 12.00
# Visual Studio 15
VisualStudioVersion = 15.0.28307.1738
MinimumVisualStudioVersion = 10.0.40219.1
Project("{8BC9CEB8-8B4A-11D0-8D11-00A0C91BC942}") = "IHttp", "IHttp\IHttp.vcxproj", "{BD0A69FB-6B35-4484-B50D-101397C57D38}"
EndProject
Project("{8BC9CEB8-8B4A-11D0-8D11-00A0C91BC942}") = "UseHttp", "UseHttp\UseHttp.vcxproj", "{4FF7EF99-2983-4A6F-BEC4-E952A5923A95}"
EndProject
Global
	GlobalSection(SolutionConfigurationPlatforms) = preSolution
		Debug|Win32 = Debug|Win32
		Release|Win32 = Release|Win32
		SDebug|Win32 = SDebug|Win32
		SRelease|Win32 = SRelease|Win32
	EndGlobalSection
	GlobalSection(ProjectConfigurationPlatforms) = postSolution
		{BD0A69FB-6B35-4484-B50D-101397C57D38}.Debug|Win32.ActiveCfg = Debug|Win32
		{BD0A69FB-6B35-4484-B50D-101397C57D38}.Debug|Win32.Build.0 = Debug|Win32
		{BD0A69FB-6B35-4484-B50D-101397C57D38}.Release|Win32.ActiveCfg = Release|Win32
		{BD0A69FB-6B35-4484-B50D-101397C57D38}.Release|Win32.Build.0 = Release|Win32
		{BD0A69FB-6B35-4484-B50D-101397C57D38}.SDebug|Win32.ActiveCfg = SDebug|Win32
		{BD0A69FB-6B35-4484-B50D-101397C57D38}.SDebug|Win32.Build.0 = SDebug|Win32
		{BD0A69FB-6B35-4484-B50D-101397C57D38}.SRelease|Win32.ActiveCfg = SRelease|Win32
		{BD0A69FB-6B35-4484-B50D-101397C57D38}.SRelease|Win32.Build.0 = SRelease|Win32
		{4FF7EF99-2983-4A6F-BEC4-E952A5923A95}.Debug|Win32.ActiveCfg = Debug|Win32
		{4FF7EF99-2983-4A6F-BEC4-E952A5923A95}.Debug|Win32.Build.0 = Debug|Win32
		{4FF7EF99-2983-4A6F-BEC4-E952A5923A95}.Release|Win32.ActiveCfg = Release|Win32
		{4FF7EF99-2983-4A6F-BEC4-E952A5923A95}.Release|Win32.Build.0 = Release|Win32
		{4FF7EF99-2983-4A6F-BEC4-E952A5923A95}.SDebug|Win32.ActiveCfg = SDebug|Win32
		{4FF7EF99-2983-4A6F-BEC4-E952A5923A95}.SDebug|Win32.Build.0 = SDebug|Win32
		{4FF7EF99-2983-4A6F-BEC4-E952A5923A95}.SRelease|Win32.ActiveCfg = SRelease|Win32
		{4FF7EF99-2983-4A6F-BEC4-E952A5923A95}.SRelease|Win32.Build.0 = SRelease|Win32
	EndGlobalSection
	GlobalSection(SolutionProperties) = preSolution
		HideSolutionNode = FALSE
	EndGlobalSection
	GlobalSection(ExtensibilityGlobals) = postSolution
		SolutionGuid = {70701E69-F438-44FC-95CC-1A63BD01B1FE}
	EndGlobalSection
EndGlobal
